
Microsoft Visual Studio Solution File, Format Version 12.00
# Visual Studio Version 17
VisualStudioVersion = 17.14.37203.1 d17.14
MinimumVisualStudioVersion = 10.0.40219.1
Project("{FAE04EC0-301F-11D3-BF4B-00C04F79EFBC}") = "BlazorApp1", "BlazorApp1.csproj", "{7C39B657-A16C-4C90-ADC3-9F002DD7C053}"
EndProject
Global
	GlobalSection(SolutionConfigurationPlatforms) = preSolution
		Debug|Any CPU = Debug|Any CPU
		Release|Any CPU = Release|Any CPU
	EndGlobalSection
	GlobalSection(ProjectConfigurationPlatforms) = postSolution
		{7C39B657-A16C-4C90-ADC3-9F002DD7C053}.Debug|Any CPU.ActiveCfg = Debug|Any CPU
		{7C39B657-A16C-4C90-ADC3-9F002DD7C053}.Debug|Any CPU.Build.0 = Debug|Any CPU
		{7C39B657-A16C-4C90-ADC3-9F002DD7C053}.Release|Any CPU.ActiveCfg = Release|Any CPU
		{7C39B657-A16C-4C90-ADC3-9F002DD7C053}.Release|Any CPU.Build.0 = Release|Any CPU
	EndGlobalSection
	GlobalSection(SolutionProperties) = preSolution
		HideSolutionNode = FALSE
	EndGlobalSection
	GlobalSection(ExtensibilityGlobals) = postSolution
		SolutionGuid = {E72E8C5A-DF11-4E7E-9A1F-023A7227CD8D}
	EndGlobalSection
EndGlobal
